// !$*UTF8*$!
{
	archiveVersion = 1;
	classes = {
	};
	objectVersion = 46;
	objects = {

/* Begin PBXBuildFile section */
		D04634941D968FD700718B9B /* MovieTableViewController.swift in Sources */ = {isa = PBXBuildFile; fileRef = D09A01561D93F91E00634B48 /* MovieTableViewController.swift */; };
		D05F64671DA7E95200C1E257 /* fansSignViewController.swift in Sources */ = {isa = PBXBuildFile; fileRef = D05F64661DA7E95200C1E257 /* fansSignViewController.swift */; };
		D08EDC241D9CDFE9002DAC4F /* Movie.swift in Sources */ = {isa = PBXBuildFile; fileRef = D08EDC231D9CDFE9002DAC4F /* Movie.swift */; };
		D09A01451D93F86000634B48 /* AppDelegate.swift in Sources */ = {isa = PBXBuildFile; fileRef = D09A01441D93F86000634B48 /* AppDelegate.swift */; };
		D09A014A1D93F86000634B48 /* Main.storyboard in Resources */ = {isa = PBXBuildFile; fileRef = D09A01481D93F86000634B48 /* Main.storyboard */; };
		D09A014C1D93F86000634B48 /* Assets.xcassets in Resources */ = {isa = PBXBuildFile; fileRef = D09A014B1D93F86000634B48 /* Assets.xcassets */; };
		D09A014F1D93F86000634B48 /* LaunchScreen.storyboard in Resources */ = {isa = PBXBuildFile; fileRef = D09A014D1D93F86000634B48 /* LaunchScreen.storyboard */; };
		D09A01591D940D0900634B48 /* MovieTableViewCell.swift in Sources */ = {isa = PBXBuildFile; fileRef = D09A01581D940D0900634B48 /* MovieTableViewCell.swift */; };
		D0CC6ADE1D9648D30014A6FC /* MovieDetailViewController.swift in Sources */ = {isa = PBXBuildFile; fileRef = D0CC6ADD1D9648D30014A6FC /* MovieDetailViewController.swift */; };
/* End PBXBuildFile section */

/* Begin PBXFileReference section */
		D05F64661DA7E95200C1E257 /* fansSignViewController.swift */ = {isa = PBXFileReference; fileEncoding = 4; lastKnownFileType = sourcecode.swift; path = fansSignViewController.swift; sourceTree = "<group>"; };
		D08EDC231D9CDFE9002DAC4F /* Movie.swift */ = {isa = PBXFileReference; fileEncoding = 4; lastKnownFileType = sourcecode.swift; path = Movie.swift; sourceTree = "<group>"; };
		D09A01411D93F86000634B48 /* UITableViewControler.app */ = {isa = PBXFileReference; explicitFileType = wrapper.application; includeInIndex = 0; path = UITableViewControler.app; sourceTree = BUILT_PRODUCTS_DIR; };
		D09A01441D93F86000634B48 /* AppDelegate.swift */ = {isa = PBXFileReference; lastKnownFileType = sourcecode.swift; path = AppDelegate.swift; sourceTree = "<group>"; };
		D09A01491D93F86000634B48 /* Base */ = {isa = PBXFileReference; lastKnownFileType = file.storyboard; name = Base; path = Base.lproj/Main.storyboard; sourceTree = "<group>"; };
		D09A014B1D93F86000634B48 /* Assets.xcassets */ = {isa = PBXFileReference; lastKnownFileType = folder.assetcatalog; path = Assets.xcassets; sourceTree = "<group>"; };
		D09A014E1D93F86000634B48 /* Base */ = {isa = PBXFileReference; lastKnownFileType = file.storyboard; name = Base; path = Base.lproj/LaunchScreen.storyboard; sourceTree = "<group>"; };
		D09A01501D93F86000634B48 /* Info.plist */ = {isa = PBXFileReference; lastKnownFileType = text.plist.xml; path = Info.plist; sourceTree = "<group>"; };
		D09A01561D93F91E00634B48 /* MovieTableViewController.swift */ = {isa = PBXFileReference; fileEncoding = 4; lastKnownFileType = sourcecode.swift; path = MovieTableViewController.swift; sourceTree = "<group>"; };
		D09A01581D940D0900634B48 /* MovieTableViewCell.swift */ = {isa = PBXFileReference; fileEncoding = 4; lastKnownFileType = sourcecode.swift; path = MovieTableViewCell.swift; sourceTree = "<group>"; };
		D0CC6ADD1D9648D30014A6FC /* MovieDetailViewController.swift */ = {isa = PBXFileReference; fileEncoding = 4; lastKnownFileType = sourcecode.swift; path = MovieDetailViewController.swift; sourceTree = "<group>"; };
/* End PBXFileReference section */

/* Begin PBXFrameworksBuildPhase section */
		D09A013E1D93F86000634B48 /* Frameworks */ = {
			isa = PBXFrameworksBuildPhase;
			buildActionMask = 2147483647;
			files = (
			);
			runOnlyForDeploymentPostprocessing = 0;
		};
/* End PBXFrameworksBuildPhase section */

/* Begin PBXGroup section */
		D09A01381D93F86000634B48 = {
			isa = PBXGroup;
			children = (
				D09A01431D93F86000634B48 /* UITableViewControler */,
				D09A01421D93F86000634B48 /* Products */,
			);
			sourceTree = "<group>";
		};
		D09A01421D93F86000634B48 /* Products */ = {
			isa = PBXGroup;
			children = (
				D09A01411D93F86000634B48 /* UITableViewControler.app */,
			);
			name = Products;
			sourceTree = "<group>";
		};
		D09A01431D93F86000634B48 /* UITableViewControler */ = {
			isa = PBXGroup;
			children = (
				D08EDC231D9CDFE9002DAC4F /* Movie.swift */,
				D05F64661DA7E95200C1E257 /* fansSignViewController.swift */,
				D09A01561D93F91E00634B48 /* MovieTableViewController.swift */,
				D09A01581D940D0900634B48 /* MovieTableViewCell.swift */,
				D0CC6ADD1D9648D30014A6FC /* MovieDetailViewController.swift */,
				D09A01441D93F86000634B48 /* AppDelegate.swift */,
				D09A01481D93F86000634B48 /* Main.storyboard */,
				D09A014B1D93F86000634B48 /* Assets.xcassets */,
				D09A014D1D93F86000634B48 /* LaunchScreen.storyboard */,
				D09A01501D93F86000634B48 /* Info.plist */,
			);
			path = UITableViewControler;
			sourceTree = "<group>";
		};
/* End PBXGroup section */

/* Begin PBXNativeTarget section */
		D09A01401D93F86000634B48 /* UITableViewControler */ = {
			isa = PBXNativeTarget;
			buildConfigurationList = D09A01531D93F86000634B48 /* Build configuration list for PBXNativeTarget "UITableViewControler" */;
			buildPhases = (
				D09A013D1D93F86000634B48 /* Sources */,
				D09A013E1D93F86000634B48 /* Frameworks */,
				D09A013F1D93F86000634B48 /* Resources */,
			);
			buildRules = (
			);
			dependencies = (
			);
			name = UITableViewControler;
			productName = UITableViewControler;
			productReference = D09A01411D93F86000634B48 /* UITableViewControler.app */;
			productType = "com.apple.product-type.application";
		};
/* End PBXNativeTarget section */

/* Begin PBXProject section */
		D09A01391D93F86000634B48 /* Project object */ = {
			isa = PBXProject;
			attributes = {
				LastSwiftUpdateCheck = 0800;
				LastUpgradeCheck = 0800;
				ORGANIZATIONNAME = "Justin Huang";
				TargetAttributes = {
					D09A01401D93F86000634B48 = {
						CreatedOnToolsVersion = 8.0;
						DevelopmentTeam = 8H7X36TF25;
						ProvisioningStyle = Automatic;
					};
				};
			};
			buildConfigurationList = D09A013C1D93F86000634B48 /* Build configuration list for PBXProject "UITableViewControler" */;
			compatibilityVersion = "Xcode 3.2";
			developmentRegion = English;
			hasScannedForEncodings = 0;
			knownRegions = (
				en,
				Base,
			);
			mainGroup = D09A01381D93F86000634B48;
			productRefGroup = D09A01421D93F86000634B48 /* Products */;
			projectDirPath = "";
			projectRoot = "";
			targets = (
				D09A01401D93F86000634B48 /* UITableViewControler */,
			);
		};
/* End PBXProject section */

/* Begin PBXResourcesBuildPhase section */
		D09A013F1D93F86000634B48 /* Resources */ = {
			isa = PBXResourcesBuildPhase;
			buildActionMask = 2147483647;
			files = (
				D09A014F1D93F86000634B48 /* LaunchScreen.storyboard in Resources */,
				D09A014C1D93F86000634B48 /* Assets.xcassets in Resources */,
				D09A014A1D93F86000634B48 /* Main.storyboard in Resources */,
			);
			runOnlyForDeploymentPostprocessing = 0;
		};
/* End PBXResourcesBuildPhase section */

/* Begin PBXSourcesBuildPhase section */
		D09A013D1D93F86000634B48 /* Sources */ = {
			isa = PBXSourcesBuildPhase;
			buildActionMask = 2147483647;
			files = (
				D08EDC241D9CDFE9002DAC4F /* Movie.swift in Sources */,
				D05F64671DA7E95200C1E257 /* fansSignViewController.swift in Sources */,
				D04634941D968FD700718B9B /* MovieTableViewController.swift in Sources */,
				D09A01591D940D0900634B48 /* MovieTableViewCell.swift in Sources */,
				D0CC6ADE1D9648D30014A6FC /* MovieDetailViewController.swift in Sources */,
				D09A01451D93F86000634B48 /* AppDelegate.swift in Sources */,
			);
			runOnlyForDeploymentPostprocessing = 0;
		};
/* End PBXSourcesBuildPhase section */

/* Begin PBXVariantGroup section */
		D09A01481D93F86000634B48 /* Main.storyboard */ = {
			isa = PBXVariantGroup;
			children = (
				D09A01491D93F86000634B48 /* Base */,
			);
			name = Main.storyboard;
			sourceTree = "<group>";
		};
		D09A014D1D93F86000634B48 /* LaunchScreen.storyboard */ = {
			isa = PBXVariantGroup;
			children = (
				D09A014E1D93F86000634B48 /* Base */,
			);
			name = LaunchScreen.storyboard;
			sourceTree = "<group>";
		};
/* End PBXVariantGroup section */

/* Begin XCBuildConfiguration section */
		D09A01511D93F86000634B48 /* Debug */ = {
			isa = XCBuildConfiguration;
			buildSettings = {
				ALWAYS_SEARCH_USER_PATHS = NO;
				CLANG_ANALYZER_NONNULL = YES;
				CLANG_CXX_LANGUAGE_STANDARD = "gnu++0x";
				CLANG_CXX_LIBRARY = "libc++";
				CLANG_ENABLE_MODULES = YES;
				CLANG_ENABLE_OBJC_ARC = YES;
				CLANG_WARN_BOOL_CONVERSION = YES;
				CLANG_WARN_CONSTANT_CONVERSION = YES;
				CLANG_WARN_DIRECT_OBJC_ISA_USAGE = YES_ERROR;
				CLANG_WARN_DOCUMENTATION_COMMENTS = YES;
				CLANG_WARN_EMPTY_BODY = YES;
				CLANG_WARN_ENUM_CONVERSION = YES;
				CLANG_WARN_INFINITE_RECURSION = YES;
				CLANG_WARN_INT_CONVERSION = YES;
				CLANG_WARN_OBJC_ROOT_CLASS = YES_ERROR;
				CLANG_WARN_SUSPICIOUS_MOVES = YES;
				CLANG_WARN_UNREACHABLE_CODE = YES;
				CLANG_WARN__DUPLICATE_METHOD_MATCH = YES;
				"CODE_SIGN_IDENTITY[sdk=iphoneos*]" = "iPhone Developer";
				COPY_PHASE_STRIP = NO;
				DEBUG_INFORMATION_FORMAT = dwarf;
				ENABLE_STRICT_OBJC_MSGSEND = YES;
				ENABLE_TESTABILITY = YES;
				GCC_C_LANGUAGE_STANDARD = gnu99;
				GCC_DYNAMIC_NO_PIC = NO;
				GCC_NO_COMMON_BLOCKS = YES;
				GCC_OPTIMIZATION_LEVEL = 0;
				GCC_PREPROCESSOR_DEFINITIONS = (
					"DEBUG=1",
					"$(inherited)",
				);
				GCC_WARN_64_TO_32_BIT_CONVERSION = YES;
				GCC_WARN_ABOUT_RETURN_TYPE = YES_ERROR;
				GCC_WARN_UNDECLARED_SELECTOR = YES;
				GCC_WARN_UNINITIALIZED_AUTOS = YES_AGGRESSIVE;
				GCC_WARN_UNUSED_FUNCTION = YES;
				GCC_WARN_UNUSED_VARIABLE = YES;
				IPHONEOS_DEPLOYMENT_TARGET = 10.0;
				MTL_ENABLE_DEBUG_INFO = YES;
				ONLY_ACTIVE_ARCH = YES;
				SDKROOT = iphoneos;
				SWIFT_ACTIVE_COMPILATION_CONDITIONS = DEBUG;
				SWIFT_OPTIMIZATION_LEVEL = "-Onone";
			};
			name = Debug;
		};
		D09A01521D93F86000634B48 /* Release */ = {
			isa = XCBuildConfiguration;
			buildSettings = {
				ALWAYS_SEARCH_USER_PATHS = NO;
				CLANG_ANALYZER_NONNULL = YES;
				CLANG_CXX_LANGUAGE_STANDARD = "gnu++0x";
				CLANG_CXX_LIBRARY = "libc++";
				CLANG_ENABLE_MODULES = YES;
				CLANG_ENABLE_OBJC_ARC = YES;
				CLANG_WARN_BOOL_CONVERSION = YES;
				CLANG_WARN_CONSTANT_CONVERSION = YES;
				CLANG_WARN_DIRECT_OBJC_ISA_USAGE = YES_ERROR;
				CLANG_WARN_DOCUMENTATION_COMMENTS = YES;
				CLANG_WARN_EMPTY_BODY = YES;
				CLANG_WARN_ENUM_CONVERSION = YES;
				CLANG_WARN_INFINITE_RECURSION = YES;
				CLANG_WARN_INT_CONVERSION = YES;
				CLANG_WARN_OBJC_ROOT_CLASS = YES_ERROR;
				CLANG_WARN_SUSPICIOUS_MOVES = YES;
				CLANG_WARN_UNREACHABLE_CODE = YES;
				CLANG_WARN__DUPLICATE_METHOD_MATCH = YES;
				"CODE_SIGN_IDENTITY[sdk=iphoneos*]" = "iPhone Developer";
				COPY_PHASE_STRIP = NO;
				DEBUG_INFORMATION_FORMAT = "dwarf-with-dsym";
				ENABLE_NS_ASSERTIONS = NO;
				ENABLE_STRICT_OBJC_MSGSEND = YES;
				GCC_C_LANGUAGE_STANDARD = gnu99;
				GCC_NO_COMMON_BLOCKS = YES;
				GCC_WARN_64_TO_32_BIT_CONVERSION = YES;
				GCC_WARN_ABOUT_RETURN_TYPE = YES_ERROR;
				GCC_WARN_UNDECLARED_SELECTOR = YES;
				GCC_WARN_UNINITIALIZED_AUTOS = YES_AGGRESSIVE;
				GCC_WARN_UNUSED_FUNCTION = YES;
				GCC_WARN_UNUSED_VARIABLE = YES;
				IPHONEOS_DEPLOYMENT_TARGET = 10.0;
				MTL_ENABLE_DEBUG_INFO = NO;
				SDKROOT = iphoneos;
				SWIFT_OPTIMIZATION_LEVEL = "-Owholemodule";
				VALIDATE_PRODUCT = YES;
			};
			name = Release;
		};
		D09A01541D93F86000634B48 /* Debug */ = {
			isa = XCBuildConfiguration;
			buildSettings = {
				ASSETCATALOG_COMPILER_APPICON_NAME = AppIcon;
				DEVELOPMENT_TEAM = 8H7X36TF25;
				INFOPLIST_FILE = UITableViewControler/Info.plist;
				LD_RUNPATH_SEARCH_PATHS = "$(inherited) @executable_path/Frameworks";
				PRODUCT_BUNDLE_IDENTIFIER = co.alphacamp.UITableViewControler;
				PRODUCT_NAME = "$(TARGET_NAME)";
				SWIFT_VERSION = 3.0;
			};
			name = Debug;
		};
		D09A01551D93F86000634B48 /* Release */ = {
			isa = XCBuildConfiguration;
			buildSettings = {
				ASSETCATALOG_COMPILER_APPICON_NAME = AppIcon;
				DEVELOPMENT_TEAM = 8H7X36TF25;
				INFOPLIST_FILE = UITableViewControler/Info.plist;
				LD_RUNPATH_SEARCH_PATHS = "$(inherited) @executable_path/Frameworks";
				PRODUCT_BUNDLE_IDENTIFIER = co.alphacamp.UITableViewControler;
				PRODUCT_NAME = "$(TARGET_NAME)";
				SWIFT_VERSION = 3.0;
			};
			name = Release;
		};
/* End XCBuildConfiguration section */

/* Begin XCConfigurationList section */
		D09A013C1D93F86000634B48 /* Build configuration list for PBXProject "UITableViewControler" */ = {
			isa = XCConfigurationList;
			buildConfigurations = (
				D09A01511D93F86000634B48 /* Debug */,
				D09A01521D93F86000634B48 /* Release */,
			);
			defaultConfigurationIsVisible = 0;
			defaultConfigurationName = Release;
		};
		D09A01531D93F86000634B48 /* Build configuration list for PBXNativeTarget "UITableViewControler" */ = {
			isa = XCConfigurationList;
			buildConfigurations = (
				D09A01541D93F86000634B48 /* Debug */,
				D09A01551D93F86000634B48 /* Release */,
			);
			defaultConfigurationIsVisible = 0;
			defaultConfigurationName = Release;
		};
/* End XCConfigurationList section */
	};
	rootObject = D09A01391D93F86000634B48 /* Project object */;
}
